
Microsoft Visual Studio Solution File, Format Version 12.00
# Visual Studio Version 17
VisualStudioVersion = 17.2.32519.379
MinimumVisualStudioVersion = 10.0.40219.1
Project("{FAE04EC0-301F-11D3-BF4B-00C04F79EFBC}") = "EasyPay.Entity", "EasyPay.EntityLayer\EasyPay.Entity.csproj", "{F3FDB0B2-AF12-472D-8D35-0E22562B4510}"
EndProject
Project("{FAE04EC0-301F-11D3-BF4B-00C04F79EFBC}") = "EasyPay.DataAccess", "EasyPay.DataAccess\EasyPay.DataAccess.csproj", "{3D89C4EA-BBA6-4A55-8A0E-6BFFA90CC5AB}"
EndProject
Project("{FAE04EC0-301F-11D3-BF4B-00C04F79EFBC}") = "EasyPay.Business", "EasyPay.Business\EasyPay.Business.csproj", "{3A7695C7-9F27-4054-80E2-7B54DC066EE7}"
EndProject
Project("{FAE04EC0-301F-11D3-BF4B-00C04F79EFBC}") = "EasyPay.DTO", "EasyPay.DTO\EasyPay.DTO.csproj", "{3D34A519-D0A8-4CEA-AC93-DEB4F264D828}"
EndProject
Project("{FAE04EC0-301F-11D3-BF4B-00C04F79EFBC}") = "EasyPay.Presentation", "EasyPay.Presentation\EasyPay.Presentation.csproj", "{3E99BAC1-A611-41E4-A8F4-A583EA00F58A}"
EndProject
Global
	GlobalSection(SolutionConfigurationPlatforms) = preSolution
		Debug|Any CPU = Debug|Any CPU
		Release|Any CPU = Release|Any CPU
	EndGlobalSection
	GlobalSection(ProjectConfigurationPlatforms) = postSolution
		{F3FDB0B2-AF12-472D-8D35-0E22562B4510}.Debug|Any CPU.ActiveCfg = Debug|Any CPU
		{F3FDB0B2-AF12-472D-8D35-0E22562B4510}.Debug|Any CPU.Build.0 = Debug|Any CPU
		{F3FDB0B2-AF12-472D-8D35-0E22562B4510}.Release|Any CPU.ActiveCfg = Release|Any CPU
		{F3FDB0B2-AF12-472D-8D35-0E22562B4510}.Release|Any CPU.Build.0 = Release|Any CPU
		{3D89C4EA-BBA6-4A55-8A0E-6BFFA90CC5AB}.Debug|Any CPU.ActiveCfg = Debug|Any CPU
		{3D89C4EA-BBA6-4A55-8A0E-6BFFA90CC5AB}.Debug|Any CPU.Build.0 = Debug|Any CPU
		{3D89C4EA-BBA6-4A55-8A0E-6BFFA90CC5AB}.Release|Any CPU.ActiveCfg = Release|Any CPU
		{3D89C4EA-BBA6-4A55-8A0E-6BFFA90CC5AB}.Release|Any CPU.Build.0 = Release|Any CPU
		{3A7695C7-9F27-4054-80E2-7B54DC066EE7}.Debug|Any CPU.ActiveCfg = Debug|Any CPU
		{3A7695C7-9F27-4054-80E2-7B54DC066EE7}.Debug|Any CPU.Build.0 = Debug|Any CPU
		{3A7695C7-9F27-4054-80E2-7B54DC066EE7}.Release|Any CPU.ActiveCfg = Release|Any CPU
		{3A7695C7-9F27-4054-80E2-7B54DC066EE7}.Release|Any CPU.Build.0 = Release|Any CPU
		{3D34A519-D0A8-4CEA-AC93-DEB4F264D828}.Debug|Any CPU.ActiveCfg = Debug|Any CPU
		{3D34A519-D0A8-4CEA-AC93-DEB4F264D828}.Debug|Any CPU.Build.0 = Debug|Any CPU
		{3D34A519-D0A8-4CEA-AC93-DEB4F264D828}.Release|Any CPU.ActiveCfg = Release|Any CPU
		{3D34A519-D0A8-4CEA-AC93-DEB4F264D828}.Release|Any CPU.Build.0 = Release|Any CPU
		{3E99BAC1-A611-41E4-A8F4-A583EA00F58A}.Debug|Any CPU.ActiveCfg = Debug|Any CPU
		{3E99BAC1-A611-41E4-A8F4-A583EA00F58A}.Debug|Any CPU.Build.0 = Debug|Any CPU
		{3E99BAC1-A611-41E4-A8F4-A583EA00F58A}.Release|Any CPU.ActiveCfg = Release|Any CPU
		{3E99BAC1-A611-41E4-A8F4-A583EA00F58A}.Release|Any CPU.Build.0 = Release|Any CPU
	EndGlobalSection
	GlobalSection(SolutionProperties) = preSolution
		HideSolutionNode = FALSE
	EndGlobalSection
	GlobalSection(ExtensibilityGlobals) = postSolution
		SolutionGuid = {A5865494-1D99-4720-B06D-03C4E4B064B7}
	EndGlobalSection
EndGlobal
